
Microsoft Visual Studio Solution File, Format Version 12.00
# Visual Studio Version 16
VisualStudioVersion = 16.0.31911.196
MinimumVisualStudioVersion = 10.0.40219.1
Project("{FAE04EC0-301F-11D3-BF4B-00C04F79EFBC}") = "Cooking website", "Cooking website\Cooking website.csproj", "{E9ADF921-FA91-4687-B9B7-089F557D485A}"
EndProject
Global
	GlobalSection(SolutionConfigurationPlatforms) = preSolution
		Debug|Any CPU = Debug|Any CPU
		Release|Any CPU = Release|Any CPU
	EndGlobalSection
	GlobalSection(ProjectConfigurationPlatforms) = postSolution
		{E9ADF921-FA91-4687-B9B7-089F557D485A}.Debug|Any CPU.ActiveCfg = Debug|Any CPU
		{E9ADF921-FA91-4687-B9B7-089F557D485A}.Debug|Any CPU.Build.0 = Debug|Any CPU
		{E9ADF921-FA91-4687-B9B7-089F557D485A}.Release|Any CPU.ActiveCfg = Release|Any CPU
		{E9ADF921-FA91-4687-B9B7-089F557D485A}.Release|Any CPU.Build.0 = Release|Any CPU
	EndGlobalSection
	GlobalSection(SolutionProperties) = preSolution
		HideSolutionNode = FALSE
	EndGlobalSection
	GlobalSection(ExtensibilityGlobals) = postSolution
		SolutionGuid = {288B6726-36E1-4789-AFEF-210036B3ED38}
	EndGlobalSection
EndGlobal
